
Microsoft Visual Studio Solution File, Format Version 12.00
# Visual Studio Version 16
VisualStudioVersion = 16.0.29709.97
MinimumVisualStudioVersion = 10.0.40219.1
Project("{9A19103F-16F7-4668-BE54-9A1E7A4F7556}") = "ClarinDiary.DataAccess", "ClarinDiary.DataAccess\ClarinDiary.DataAccess.csproj", "{BC1B97D8-740C-478A-B672-84EC64C35936}"
EndProject
Project("{FAE04EC0-301F-11D3-BF4B-00C04F79EFBC}") = "ClarinDiary.Business", "ClarinDiary.Business\ClarinDiary.Business.csproj", "{83F67AC7-3507-47D6-A881-3B2CA9148AB4}"
EndProject
Project("{FAE04EC0-301F-11D3-BF4B-00C04F79EFBC}") = "ClarinDiary.ClientWS", "ClarinDiary.ClientWS\ClarinDiary.ClientWS.csproj", "{46B06759-4055-46AF-AFA3-A7196B34FD47}"
EndProject
Global
	GlobalSection(SolutionConfigurationPlatforms) = preSolution
		Debug|Any CPU = Debug|Any CPU
		Release|Any CPU = Release|Any CPU
	EndGlobalSection
	GlobalSection(ProjectConfigurationPlatforms) = postSolution
		{BC1B97D8-740C-478A-B672-84EC64C35936}.Debug|Any CPU.ActiveCfg = Debug|Any CPU
		{BC1B97D8-740C-478A-B672-84EC64C35936}.Debug|Any CPU.Build.0 = Debug|Any CPU
		{BC1B97D8-740C-478A-B672-84EC64C35936}.Release|Any CPU.ActiveCfg = Release|Any CPU
		{BC1B97D8-740C-478A-B672-84EC64C35936}.Release|Any CPU.Build.0 = Release|Any CPU
		{83F67AC7-3507-47D6-A881-3B2CA9148AB4}.Debug|Any CPU.ActiveCfg = Debug|Any CPU
		{83F67AC7-3507-47D6-A881-3B2CA9148AB4}.Debug|Any CPU.Build.0 = Debug|Any CPU
		{83F67AC7-3507-47D6-A881-3B2CA9148AB4}.Release|Any CPU.ActiveCfg = Release|Any CPU
		{83F67AC7-3507-47D6-A881-3B2CA9148AB4}.Release|Any CPU.Build.0 = Release|Any CPU
		{46B06759-4055-46AF-AFA3-A7196B34FD47}.Debug|Any CPU.ActiveCfg = Debug|Any CPU
		{46B06759-4055-46AF-AFA3-A7196B34FD47}.Debug|Any CPU.Build.0 = Debug|Any CPU
		{46B06759-4055-46AF-AFA3-A7196B34FD47}.Release|Any CPU.ActiveCfg = Release|Any CPU
		{46B06759-4055-46AF-AFA3-A7196B34FD47}.Release|Any CPU.Build.0 = Release|Any CPU
	EndGlobalSection
	GlobalSection(SolutionProperties) = preSolution
		HideSolutionNode = FALSE
	EndGlobalSection
	GlobalSection(ExtensibilityGlobals) = postSolution
		SolutionGuid = {F24AC81A-1D02-4706-80ED-AA5DE8D933D3}
	EndGlobalSection
EndGlobal
